
Microsoft Visual Studio Solution File, Format Version 12.00
# Visual Studio Version 17
VisualStudioVersion = 17.14.36121.58 d17.14
MinimumVisualStudioVersion = 10.0.40219.1
Project("{FAE04EC0-301F-11D3-BF4B-00C04F79EFBC}") = "DataStructuresA2", "DataStructuresA2.csproj", "{4ABDECAF-1F09-43C3-8681-D06686BD266C}"
EndProject
Global
	GlobalSection(SolutionConfigurationPlatforms) = preSolution
		Debug|Any CPU = Debug|Any CPU
		Release|Any CPU = Release|Any CPU
	EndGlobalSection
	GlobalSection(ProjectConfigurationPlatforms) = postSolution
		{4ABDECAF-1F09-43C3-8681-D06686BD266C}.Debug|Any CPU.ActiveCfg = Debug|Any CPU
		{4ABDECAF-1F09-43C3-8681-D06686BD266C}.Debug|Any CPU.Build.0 = Debug|Any CPU
		{4ABDECAF-1F09-43C3-8681-D06686BD266C}.Release|Any CPU.ActiveCfg = Release|Any CPU
		{4ABDECAF-1F09-43C3-8681-D06686BD266C}.Release|Any CPU.Build.0 = Release|Any CPU
	EndGlobalSection
	GlobalSection(SolutionProperties) = preSolution
		HideSolutionNode = FALSE
	EndGlobalSection
	GlobalSection(ExtensibilityGlobals) = postSolution
		SolutionGuid = {3B9CCE6D-58F4-4ACC-84A9-64F9AB3D5925}
	EndGlobalSection
EndGlobal
